
Microsoft Visual Studio Solution File, Format Version 12.00
Project("{FAE04EC0-301F-11D3-BF4B-00C04F79EFBC}") = "GrpcService", "GrpcService\GrpcService.csproj", "{1922072C-BE06-4D5A-8604-CBD03FA19CB6}"
EndProject
Project("{FAE04EC0-301F-11D3-BF4B-00C04F79EFBC}") = "Entities", "Entities\Entities.csproj", "{1E90513F-ACD7-4E21-892F-AEF8FC2830F0}"
EndProject
Global
	GlobalSection(SolutionConfigurationPlatforms) = preSolution
		Debug|Any CPU = Debug|Any CPU
		Release|Any CPU = Release|Any CPU
	EndGlobalSection
	GlobalSection(ProjectConfigurationPlatforms) = postSolution
		{1922072C-BE06-4D5A-8604-CBD03FA19CB6}.Debug|Any CPU.ActiveCfg = Debug|Any CPU
		{1922072C-BE06-4D5A-8604-CBD03FA19CB6}.Debug|Any CPU.Build.0 = Debug|Any CPU
		{1922072C-BE06-4D5A-8604-CBD03FA19CB6}.Release|Any CPU.ActiveCfg = Release|Any CPU
		{1922072C-BE06-4D5A-8604-CBD03FA19CB6}.Release|Any CPU.Build.0 = Release|Any CPU
		{1E90513F-ACD7-4E21-892F-AEF8FC2830F0}.Debug|Any CPU.ActiveCfg = Debug|Any CPU
		{1E90513F-ACD7-4E21-892F-AEF8FC2830F0}.Debug|Any CPU.Build.0 = Debug|Any CPU
		{1E90513F-ACD7-4E21-892F-AEF8FC2830F0}.Release|Any CPU.ActiveCfg = Release|Any CPU
		{1E90513F-ACD7-4E21-892F-AEF8FC2830F0}.Release|Any CPU.Build.0 = Release|Any CPU
	EndGlobalSection
EndGlobal
