
Microsoft Visual Studio Solution File, Format Version 12.00
Project("{FAE04EC0-301F-11D3-BF4B-00C04F79EFBC}") = "BlazorAppTier1", "BlazorAppTier1\BlazorAppTier1.csproj", "{0140E60D-4FE1-4AD2-984D-78F9069D84D3}"
EndProject
Project("{FAE04EC0-301F-11D3-BF4B-00C04F79EFBC}") = "Contracts", "Contracts\Contracts.csproj", "{4575A476-D41A-464F-B469-853E92C5F4CC}"
EndProject
Project("{FAE04EC0-301F-11D3-BF4B-00C04F79EFBC}") = "Entities", "Entities\Entities.csproj", "{0A51CFCC-05AB-46B4-88F9-BA3D68D05FCE}"
EndProject
Project("{FAE04EC0-301F-11D3-BF4B-00C04F79EFBC}") = "HttpServices", "HttpServices\HttpServices.csproj", "{1842E909-D12B-4660-9C10-6EC4D35B657E}"
EndProject
Project("{FAE04EC0-301F-11D3-BF4B-00C04F79EFBC}") = "UNITtests", "UNITtests\UNITtests.csproj", "{22878B3B-23FA-4001-90F8-85C7C1CD9C95}"
EndProject
Global
	GlobalSection(SolutionConfigurationPlatforms) = preSolution
		Debug|Any CPU = Debug|Any CPU
		Release|Any CPU = Release|Any CPU
	EndGlobalSection
	GlobalSection(ProjectConfigurationPlatforms) = postSolution
		{0140E60D-4FE1-4AD2-984D-78F9069D84D3}.Debug|Any CPU.ActiveCfg = Debug|Any CPU
		{0140E60D-4FE1-4AD2-984D-78F9069D84D3}.Debug|Any CPU.Build.0 = Debug|Any CPU
		{0140E60D-4FE1-4AD2-984D-78F9069D84D3}.Release|Any CPU.ActiveCfg = Release|Any CPU
		{0140E60D-4FE1-4AD2-984D-78F9069D84D3}.Release|Any CPU.Build.0 = Release|Any CPU
		{4575A476-D41A-464F-B469-853E92C5F4CC}.Debug|Any CPU.ActiveCfg = Debug|Any CPU
		{4575A476-D41A-464F-B469-853E92C5F4CC}.Debug|Any CPU.Build.0 = Debug|Any CPU
		{4575A476-D41A-464F-B469-853E92C5F4CC}.Release|Any CPU.ActiveCfg = Release|Any CPU
		{4575A476-D41A-464F-B469-853E92C5F4CC}.Release|Any CPU.Build.0 = Release|Any CPU
		{0A51CFCC-05AB-46B4-88F9-BA3D68D05FCE}.Debug|Any CPU.ActiveCfg = Debug|Any CPU
		{0A51CFCC-05AB-46B4-88F9-BA3D68D05FCE}.Debug|Any CPU.Build.0 = Debug|Any CPU
		{0A51CFCC-05AB-46B4-88F9-BA3D68D05FCE}.Release|Any CPU.ActiveCfg = Release|Any CPU
		{0A51CFCC-05AB-46B4-88F9-BA3D68D05FCE}.Release|Any CPU.Build.0 = Release|Any CPU
		{1842E909-D12B-4660-9C10-6EC4D35B657E}.Debug|Any CPU.ActiveCfg = Debug|Any CPU
		{1842E909-D12B-4660-9C10-6EC4D35B657E}.Debug|Any CPU.Build.0 = Debug|Any CPU
		{1842E909-D12B-4660-9C10-6EC4D35B657E}.Release|Any CPU.ActiveCfg = Release|Any CPU
		{1842E909-D12B-4660-9C10-6EC4D35B657E}.Release|Any CPU.Build.0 = Release|Any CPU
		{22878B3B-23FA-4001-90F8-85C7C1CD9C95}.Debug|Any CPU.ActiveCfg = Debug|Any CPU
		{22878B3B-23FA-4001-90F8-85C7C1CD9C95}.Debug|Any CPU.Build.0 = Debug|Any CPU
		{22878B3B-23FA-4001-90F8-85C7C1CD9C95}.Release|Any CPU.ActiveCfg = Release|Any CPU
		{22878B3B-23FA-4001-90F8-85C7C1CD9C95}.Release|Any CPU.Build.0 = Release|Any CPU
	EndGlobalSection
EndGlobal
